// !$*UTF8*$!
{
	archiveVersion = 1;
	classes = {
	};
	objectVersion = 46;
	objects = {

/* Begin PBXBuildFile section */
		FADDF3E716D3FC8B003BA76F /* PKAddressZip.m in Sources */ = {isa = PBXBuildFile; fileRef = FADDF3BF16D3FC8B003BA76F /* PKAddressZip.m */; };
		FADDF3E816D3FC8B003BA76F /* PKCard.m in Sources */ = {isa = PBXBuildFile; fileRef = FADDF3C116D3FC8B003BA76F /* PKCard.m */; };
		FADDF3E916D3FC8B003BA76F /* PKCardCVC.m in Sources */ = {isa = PBXBuildFile; fileRef = FADDF3C316D3FC8B003BA76F /* PKCardCVC.m */; };
		FADDF3EA16D3FC8B003BA76F /* PKCardCVCDelegate.m in Sources */ = {isa = PBXBuildFile; fileRef = FADDF3C516D3FC8B003BA76F /* PKCardCVCDelegate.m */; };
		FADDF3EB16D3FC8B003BA76F /* PKCardExpiry.m in Sources */ = {isa = PBXBuildFile; fileRef = FADDF3C716D3FC8B003BA76F /* PKCardExpiry.m */; };
		FADDF3EC16D3FC8B003BA76F /* PKCardExpiryDelegate.m in Sources */ = {isa = PBXBuildFile; fileRef = FADDF3C916D3FC8B003BA76F /* PKCardExpiryDelegate.m */; };
		FADDF3ED16D3FC8B003BA76F /* PKCardNumber.m in Sources */ = {isa = PBXBuildFile; fileRef = FADDF3CB16D3FC8B003BA76F /* PKCardNumber.m */; };
		FADDF3EE16D3FC8B003BA76F /* PKCardNumberDelegate.m in Sources */ = {isa = PBXBuildFile; fileRef = FADDF3CD16D3FC8B003BA76F /* PKCardNumberDelegate.m */; };
		FADDF3EF16D3FC8B003BA76F /* PKUSAddressZip.m in Sources */ = {isa = PBXBuildFile; fileRef = FADDF3D016D3FC8B003BA76F /* PKUSAddressZip.m */; };
		FADDF3F016D3FC8B003BA76F /* PKView.m in Sources */ = {isa = PBXBuildFile; fileRef = FADDF3D216D3FC8B003BA76F /* PKView.m */; };
		FADDF3F116D3FC8B003BA76F /* amex.png in Resources */ = {isa = PBXBuildFile; fileRef = FADDF3D516D3FC8B003BA76F /* amex.png */; };
		FADDF3F216D3FC8B003BA76F /* amex@2x.png in Resources */ = {isa = PBXBuildFile; fileRef = FADDF3D616D3FC8B003BA76F /* amex@2x.png */; };
		FADDF3F316D3FC8B003BA76F /* cvc-amex.png in Resources */ = {isa = PBXBuildFile; fileRef = FADDF3D716D3FC8B003BA76F /* cvc-amex.png */; };
		FADDF3F416D3FC8B003BA76F /* cvc-amex@2x.png in Resources */ = {isa = PBXBuildFile; fileRef = FADDF3D816D3FC8B003BA76F /* cvc-amex@2x.png */; };
		FADDF3F516D3FC8B003BA76F /* cvc.png in Resources */ = {isa = PBXBuildFile; fileRef = FADDF3D916D3FC8B003BA76F /* cvc.png */; };
		FADDF3F616D3FC8B003BA76F /* cvc@2x.png in Resources */ = {isa = PBXBuildFile; fileRef = FADDF3DA16D3FC8B003BA76F /* cvc@2x.png */; };
		FADDF3F716D3FC8B003BA76F /* diners.png in Resources */ = {isa = PBXBuildFile; fileRef = FADDF3DB16D3FC8B003BA76F /* diners.png */; };
		FADDF3F816D3FC8B003BA76F /* diners@2x.png in Resources */ = {isa = PBXBuildFile; fileRef = FADDF3DC16D3FC8B003BA76F /* diners@2x.png */; };
		FADDF3F916D3FC8B003BA76F /* discover.png in Resources */ = {isa = PBXBuildFile; fileRef = FADDF3DD16D3FC8B003BA76F /* discover.png */; };
		FADDF3FA16D3FC8B003BA76F /* discover@2x.png in Resources */ = {isa = PBXBuildFile; fileRef = FADDF3DE16D3FC8B003BA76F /* discover@2x.png */; };
		FADDF3FB16D3FC8B003BA76F /* jcb.png in Resources */ = {isa = PBXBuildFile; fileRef = FADDF3DF16D3FC8B003BA76F /* jcb.png */; };
		FADDF3FC16D3FC8B003BA76F /* jcb@2x.png in Resources */ = {isa = PBXBuildFile; fileRef = FADDF3E016D3FC8B003BA76F /* jcb@2x.png */; };
		FADDF3FD16D3FC8B003BA76F /* mastercard.png in Resources */ = {isa = PBXBuildFile; fileRef = FADDF3E116D3FC8B003BA76F /* mastercard.png */; };
		FADDF3FE16D3FC8B003BA76F /* mastercard@2x.png in Resources */ = {isa = PBXBuildFile; fileRef = FADDF3E216D3FC8B003BA76F /* mastercard@2x.png */; };
		FADDF3FF16D3FC8B003BA76F /* placeholder.png in Resources */ = {isa = PBXBuildFile; fileRef = FADDF3E316D3FC8B003BA76F /* placeholder.png */; };
		FADDF40016D3FC8B003BA76F /* placeholder@2x.png in Resources */ = {isa = PBXBuildFile; fileRef = FADDF3E416D3FC8B003BA76F /* placeholder@2x.png */; };
		FADDF40116D3FC8B003BA76F /* visa.png in Resources */ = {isa = PBXBuildFile; fileRef = FADDF3E516D3FC8B003BA76F /* visa.png */; };
		FADDF40216D3FC8B003BA76F /* visa@2x.png in Resources */ = {isa = PBXBuildFile; fileRef = FADDF3E616D3FC8B003BA76F /* visa@2x.png */; };
		FAF28CB716CDA31A0098EF9D /* STPCheckoutView.m in Sources */ = {isa = PBXBuildFile; fileRef = FAF28CB616CDA31A0098EF9D /* STPCheckoutView.m */; };
		FAF28CBB16CDAA270098EF9D /* PaymentViewController.m in Sources */ = {isa = PBXBuildFile; fileRef = FAF28CB916CDAA270098EF9D /* PaymentViewController.m */; };
		FAF28CBC16CDAA270098EF9D /* PaymentViewController.xib in Resources */ = {isa = PBXBuildFile; fileRef = FAF28CBA16CDAA270098EF9D /* PaymentViewController.xib */; };
		FAF28CC016CDAD540098EF9D /* SettingsViewController.m in Sources */ = {isa = PBXBuildFile; fileRef = FAF28CBE16CDAD540098EF9D /* SettingsViewController.m */; };
		FAF28CC116CDAD540098EF9D /* SettingsViewController.xib in Resources */ = {isa = PBXBuildFile; fileRef = FAF28CBF16CDAD540098EF9D /* SettingsViewController.xib */; };
		FAF55CF316CC7B6400AA6BE6 /* UIKit.framework in Frameworks */ = {isa = PBXBuildFile; fileRef = FAF55CF216CC7B6400AA6BE6 /* UIKit.framework */; };
		FAF55CF516CC7B6400AA6BE6 /* Foundation.framework in Frameworks */ = {isa = PBXBuildFile; fileRef = FAF55CF416CC7B6400AA6BE6 /* Foundation.framework */; };
		FAF55CF716CC7B6400AA6BE6 /* CoreGraphics.framework in Frameworks */ = {isa = PBXBuildFile; fileRef = FAF55CF616CC7B6400AA6BE6 /* CoreGraphics.framework */; };
		FAF55CFD16CC7B6400AA6BE6 /* InfoPlist.strings in Resources */ = {isa = PBXBuildFile; fileRef = FAF55CFB16CC7B6400AA6BE6 /* InfoPlist.strings */; };
		FAF55CFF16CC7B6400AA6BE6 /* main.m in Sources */ = {isa = PBXBuildFile; fileRef = FAF55CFE16CC7B6400AA6BE6 /* main.m */; };
		FAF55D0316CC7B6400AA6BE6 /* AppDelegate.m in Sources */ = {isa = PBXBuildFile; fileRef = FAF55D0216CC7B6400AA6BE6 /* AppDelegate.m */; };
		FAF55D0516CC7B6400AA6BE6 /* Default.png in Resources */ = {isa = PBXBuildFile; fileRef = FAF55D0416CC7B6400AA6BE6 /* Default.png */; };
		FAF55D0716CC7B6400AA6BE6 /* Default@2x.png in Resources */ = {isa = PBXBuildFile; fileRef = FAF55D0616CC7B6400AA6BE6 /* Default@2x.png */; };
		FAF55D0916CC7B6400AA6BE6 /* Default-568h@2x.png in Resources */ = {isa = PBXBuildFile; fileRef = FAF55D0816CC7B6400AA6BE6 /* Default-568h@2x.png */; };
		FAF55D0C16CC7B6400AA6BE6 /* ViewController.m in Sources */ = {isa = PBXBuildFile; fileRef = FAF55D0B16CC7B6400AA6BE6 /* ViewController.m */; };
		FAF55D1216CC7B6400AA6BE6 /* ViewController.xib in Resources */ = {isa = PBXBuildFile; fileRef = FAF55D1016CC7B6400AA6BE6 /* ViewController.xib */; };
		FAF55F5416CC828A00AA6BE6 /* QuartzCore.framework in Frameworks */ = {isa = PBXBuildFile; fileRef = FAF55F5316CC828A00AA6BE6 /* QuartzCore.framework */; };
		FAF5606A16CC885D00AA6BE6 /* STPCheckoutController.m in Sources */ = {isa = PBXBuildFile; fileRef = FAF5603316CC885D00AA6BE6 /* STPCheckoutController.m */; };
		FAF5606B16CC885D00AA6BE6 /* MBProgressHUD.m in Sources */ = {isa = PBXBuildFile; fileRef = FAF5603716CC885D00AA6BE6 /* MBProgressHUD.m */; };
		FAF5608716CC885D00AA6BE6 /* STPCard.m in Sources */ = {isa = PBXBuildFile; fileRef = FAF5606216CC885D00AA6BE6 /* STPCard.m */; };
		FAF5608816CC885D00AA6BE6 /* STPToken.m in Sources */ = {isa = PBXBuildFile; fileRef = FAF5606416CC885D00AA6BE6 /* STPToken.m */; };
		FAF5608916CC885D00AA6BE6 /* Stripe.m in Sources */ = {isa = PBXBuildFile; fileRef = FAF5606716CC885D00AA6BE6 /* Stripe.m */; };
		FAF5608A16CC885D00AA6BE6 /* StripeError.m in Sources */ = {isa = PBXBuildFile; fileRef = FAF5606916CC885D00AA6BE6 /* StripeError.m */; };
/* End PBXBuildFile section */

/* Begin PBXFileReference section */
		FADDF3BE16D3FC8B003BA76F /* PKAddressZip.h */ = {isa = PBXFileReference; fileEncoding = 4; lastKnownFileType = sourcecode.c.h; path = PKAddressZip.h; sourceTree = "<group>"; };
		FADDF3BF16D3FC8B003BA76F /* PKAddressZip.m */ = {isa = PBXFileReference; fileEncoding = 4; lastKnownFileType = sourcecode.c.objc; path = PKAddressZip.m; sourceTree = "<group>"; };
		FADDF3C016D3FC8B003BA76F /* PKCard.h */ = {isa = PBXFileReference; fileEncoding = 4; lastKnownFileType = sourcecode.c.h; path = PKCard.h; sourceTree = "<group>"; };
		FADDF3C116D3FC8B003BA76F /* PKCard.m */ = {isa = PBXFileReference; fileEncoding = 4; lastKnownFileType = sourcecode.c.objc; path = PKCard.m; sourceTree = "<group>"; };
		FADDF3C216D3FC8B003BA76F /* PKCardCVC.h */ = {isa = PBXFileReference; fileEncoding = 4; lastKnownFileType = sourcecode.c.h; path = PKCardCVC.h; sourceTree = "<group>"; };
		FADDF3C316D3FC8B003BA76F /* PKCardCVC.m */ = {isa = PBXFileReference; fileEncoding = 4; lastKnownFileType = sourcecode.c.objc; path = PKCardCVC.m; sourceTree = "<group>"; };
		FADDF3C416D3FC8B003BA76F /* PKCardCVCDelegate.h */ = {isa = PBXFileReference; fileEncoding = 4; lastKnownFileType = sourcecode.c.h; path = PKCardCVCDelegate.h; sourceTree = "<group>"; };
		FADDF3C516D3FC8B003BA76F /* PKCardCVCDelegate.m */ = {isa = PBXFileReference; fileEncoding = 4; lastKnownFileType = sourcecode.c.objc; path = PKCardCVCDelegate.m; sourceTree = "<group>"; };
		FADDF3C616D3FC8B003BA76F /* PKCardExpiry.h */ = {isa = PBXFileReference; fileEncoding = 4; lastKnownFileType = sourcecode.c.h; path = PKCardExpiry.h; sourceTree = "<group>"; };
		FADDF3C716D3FC8B003BA76F /* PKCardExpiry.m */ = {isa = PBXFileReference; fileEncoding = 4; lastKnownFileType = sourcecode.c.objc; path = PKCardExpiry.m; sourceTree = "<group>"; };
		FADDF3C816D3FC8B003BA76F /* PKCardExpiryDelegate.h */ = {isa = PBXFileReference; fileEncoding = 4; lastKnownFileType = sourcecode.c.h; path = PKCardExpiryDelegate.h; sourceTree = "<group>"; };
		FADDF3C916D3FC8B003BA76F /* PKCardExpiryDelegate.m */ = {isa = PBXFileReference; fileEncoding = 4; lastKnownFileType = sourcecode.c.objc; path = PKCardExpiryDelegate.m; sourceTree = "<group>"; };
		FADDF3CA16D3FC8B003BA76F /* PKCardNumber.h */ = {isa = PBXFileReference; fileEncoding = 4; lastKnownFileType = sourcecode.c.h; path = PKCardNumber.h; sourceTree = "<group>"; };
		FADDF3CB16D3FC8B003BA76F /* PKCardNumber.m */ = {isa = PBXFileReference; fileEncoding = 4; lastKnownFileType = sourcecode.c.objc; path = PKCardNumber.m; sourceTree = "<group>"; };
		FADDF3CC16D3FC8B003BA76F /* PKCardNumberDelegate.h */ = {isa = PBXFileReference; fileEncoding = 4; lastKnownFileType = sourcecode.c.h; path = PKCardNumberDelegate.h; sourceTree = "<group>"; };
		FADDF3CD16D3FC8B003BA76F /* PKCardNumberDelegate.m */ = {isa = PBXFileReference; fileEncoding = 4; lastKnownFileType = sourcecode.c.objc; path = PKCardNumberDelegate.m; sourceTree = "<group>"; };
		FADDF3CE16D3FC8B003BA76F /* PKCardType.h */ = {isa = PBXFileReference; fileEncoding = 4; lastKnownFileType = sourcecode.c.h; path = PKCardType.h; sourceTree = "<group>"; };
		FADDF3CF16D3FC8B003BA76F /* PKUSAddressZip.h */ = {isa = PBXFileReference; fileEncoding = 4; lastKnownFileType = sourcecode.c.h; path = PKUSAddressZip.h; sourceTree = "<group>"; };
		FADDF3D016D3FC8B003BA76F /* PKUSAddressZip.m */ = {isa = PBXFileReference; fileEncoding = 4; lastKnownFileType = sourcecode.c.objc; path = PKUSAddressZip.m; sourceTree = "<group>"; };
		FADDF3D116D3FC8B003BA76F /* PKView.h */ = {isa = PBXFileReference; fileEncoding = 4; lastKnownFileType = sourcecode.c.h; path = PKView.h; sourceTree = "<group>"; };
		FADDF3D216D3FC8B003BA76F /* PKView.m */ = {isa = PBXFileReference; fileEncoding = 4; lastKnownFileType = sourcecode.c.objc; path = PKView.m; sourceTree = "<group>"; };
		FADDF3D516D3FC8B003BA76F /* amex.png */ = {isa = PBXFileReference; lastKnownFileType = image.png; path = amex.png; sourceTree = "<group>"; };
		FADDF3D616D3FC8B003BA76F /* amex@2x.png */ = {isa = PBXFileReference; lastKnownFileType = image.png; path = "amex@2x.png"; sourceTree = "<group>"; };
		FADDF3D716D3FC8B003BA76F /* cvc-amex.png */ = {isa = PBXFileReference; lastKnownFileType = image.png; path = "cvc-amex.png"; sourceTree = "<group>"; };
		FADDF3D816D3FC8B003BA76F /* cvc-amex@2x.png */ = {isa = PBXFileReference; lastKnownFileType = image.png; path = "cvc-amex@2x.png"; sourceTree = "<group>"; };
		FADDF3D916D3FC8B003BA76F /* cvc.png */ = {isa = PBXFileReference; lastKnownFileType = image.png; path = cvc.png; sourceTree = "<group>"; };
		FADDF3DA16D3FC8B003BA76F /* cvc@2x.png */ = {isa = PBXFileReference; lastKnownFileType = image.png; path = "cvc@2x.png"; sourceTree = "<group>"; };
		FADDF3DB16D3FC8B003BA76F /* diners.png */ = {isa = PBXFileReference; lastKnownFileType = image.png; path = diners.png; sourceTree = "<group>"; };
		FADDF3DC16D3FC8B003BA76F /* diners@2x.png */ = {isa = PBXFileReference; lastKnownFileType = image.png; path = "diners@2x.png"; sourceTree = "<group>"; };
		FADDF3DD16D3FC8B003BA76F /* discover.png */ = {isa = PBXFileReference; lastKnownFileType = image.png; path = discover.png; sourceTree = "<group>"; };
		FADDF3DE16D3FC8B003BA76F /* discover@2x.png */ = {isa = PBXFileReference; lastKnownFileType = image.png; path = "discover@2x.png"; sourceTree = "<group>"; };
		FADDF3DF16D3FC8B003BA76F /* jcb.png */ = {isa = PBXFileReference; lastKnownFileType = image.png; path = jcb.png; sourceTree = "<group>"; };
		FADDF3E016D3FC8B003BA76F /* jcb@2x.png */ = {isa = PBXFileReference; lastKnownFileType = image.png; path = "jcb@2x.png"; sourceTree = "<group>"; };
		FADDF3E116D3FC8B003BA76F /* mastercard.png */ = {isa = PBXFileReference; lastKnownFileType = image.png; path = mastercard.png; sourceTree = "<group>"; };
		FADDF3E216D3FC8B003BA76F /* mastercard@2x.png */ = {isa = PBXFileReference; lastKnownFileType = image.png; path = "mastercard@2x.png"; sourceTree = "<group>"; };
		FADDF3E316D3FC8B003BA76F /* placeholder.png */ = {isa = PBXFileReference; lastKnownFileType = image.png; path = placeholder.png; sourceTree = "<group>"; };
		FADDF3E416D3FC8B003BA76F /* placeholder@2x.png */ = {isa = PBXFileReference; lastKnownFileType = image.png; path = "placeholder@2x.png"; sourceTree = "<group>"; };
		FADDF3E516D3FC8B003BA76F /* visa.png */ = {isa = PBXFileReference; lastKnownFileType = image.png; path = visa.png; sourceTree = "<group>"; };
		FADDF3E616D3FC8B003BA76F /* visa@2x.png */ = {isa = PBXFileReference; lastKnownFileType = image.png; path = "visa@2x.png"; sourceTree = "<group>"; };
		FAF28CB516CDA31A0098EF9D /* STPCheckoutView.h */ = {isa = PBXFileReference; fileEncoding = 4; lastKnownFileType = sourcecode.c.h; path = STPCheckoutView.h; sourceTree = "<group>"; };
		FAF28CB616CDA31A0098EF9D /* STPCheckoutView.m */ = {isa = PBXFileReference; fileEncoding = 4; lastKnownFileType = sourcecode.c.objc; path = STPCheckoutView.m; sourceTree = "<group>"; };
		FAF28CB816CDAA270098EF9D /* PaymentViewController.h */ = {isa = PBXFileReference; fileEncoding = 4; lastKnownFileType = sourcecode.c.h; path = PaymentViewController.h; sourceTree = "<group>"; };
		FAF28CB916CDAA270098EF9D /* PaymentViewController.m */ = {isa = PBXFileReference; fileEncoding = 4; lastKnownFileType = sourcecode.c.objc; path = PaymentViewController.m; sourceTree = "<group>"; };
		FAF28CBA16CDAA270098EF9D /* PaymentViewController.xib */ = {isa = PBXFileReference; fileEncoding = 4; lastKnownFileType = file.xib; path = PaymentViewController.xib; sourceTree = "<group>"; };
		FAF28CBD16CDAD540098EF9D /* SettingsViewController.h */ = {isa = PBXFileReference; fileEncoding = 4; lastKnownFileType = sourcecode.c.h; path = SettingsViewController.h; sourceTree = "<group>"; };
		FAF28CBE16CDAD540098EF9D /* SettingsViewController.m */ = {isa = PBXFileReference; fileEncoding = 4; lastKnownFileType = sourcecode.c.objc; path = SettingsViewController.m; sourceTree = "<group>"; };
		FAF28CBF16CDAD540098EF9D /* SettingsViewController.xib */ = {isa = PBXFileReference; fileEncoding = 4; lastKnownFileType = file.xib; path = SettingsViewController.xib; sourceTree = "<group>"; };
		FAF55CEF16CC7B6400AA6BE6 /* Checkout Example.app */ = {isa = PBXFileReference; explicitFileType = wrapper.application; includeInIndex = 0; path = "Checkout Example.app"; sourceTree = BUILT_PRODUCTS_DIR; };
		FAF55CF216CC7B6400AA6BE6 /* UIKit.framework */ = {isa = PBXFileReference; lastKnownFileType = wrapper.framework; name = UIKit.framework; path = System/Library/Frameworks/UIKit.framework; sourceTree = SDKROOT; };
		FAF55CF416CC7B6400AA6BE6 /* Foundation.framework */ = {isa = PBXFileReference; lastKnownFileType = wrapper.framework; name = Foundation.framework; path = System/Library/Frameworks/Foundation.framework; sourceTree = SDKROOT; };
		FAF55CF616CC7B6400AA6BE6 /* CoreGraphics.framework */ = {isa = PBXFileReference; lastKnownFileType = wrapper.framework; name = CoreGraphics.framework; path = System/Library/Frameworks/CoreGraphics.framework; sourceTree = SDKROOT; };
		FAF55CFA16CC7B6400AA6BE6 /* Checkout Example-Info.plist */ = {isa = PBXFileReference; lastKnownFileType = text.plist.xml; path = "Checkout Example-Info.plist"; sourceTree = "<group>"; };
		FAF55CFC16CC7B6400AA6BE6 /* en */ = {isa = PBXFileReference; lastKnownFileType = text.plist.strings; name = en; path = en.lproj/InfoPlist.strings; sourceTree = "<group>"; };
		FAF55CFE16CC7B6400AA6BE6 /* main.m */ = {isa = PBXFileReference; lastKnownFileType = sourcecode.c.objc; path = main.m; sourceTree = "<group>"; };
		FAF55D0016CC7B6400AA6BE6 /* Checkout Example-Prefix.pch */ = {isa = PBXFileReference; lastKnownFileType = sourcecode.c.h; path = "Checkout Example-Prefix.pch"; sourceTree = "<group>"; };
		FAF55D0116CC7B6400AA6BE6 /* AppDelegate.h */ = {isa = PBXFileReference; lastKnownFileType = sourcecode.c.h; path = AppDelegate.h; sourceTree = "<group>"; };
		FAF55D0216CC7B6400AA6BE6 /* AppDelegate.m */ = {isa = PBXFileReference; lastKnownFileType = sourcecode.c.objc; path = AppDelegate.m; sourceTree = "<group>"; };
		FAF55D0416CC7B6400AA6BE6 /* Default.png */ = {isa = PBXFileReference; lastKnownFileType = image.png; path = Default.png; sourceTree = "<group>"; };
		FAF55D0616CC7B6400AA6BE6 /* Default@2x.png */ = {isa = PBXFileReference; lastKnownFileType = image.png; path = "Default@2x.png"; sourceTree = "<group>"; };
		FAF55D0816CC7B6400AA6BE6 /* Default-568h@2x.png */ = {isa = PBXFileReference; lastKnownFileType = image.png; path = "Default-568h@2x.png"; sourceTree = "<group>"; };
		FAF55D0A16CC7B6400AA6BE6 /* ViewController.h */ = {isa = PBXFileReference; lastKnownFileType = sourcecode.c.h; path = ViewController.h; sourceTree = "<group>"; };
		FAF55D0B16CC7B6400AA6BE6 /* ViewController.m */ = {isa = PBXFileReference; lastKnownFileType = sourcecode.c.objc; path = ViewController.m; sourceTree = "<group>"; };
		FAF55D1116CC7B6400AA6BE6 /* en */ = {isa = PBXFileReference; lastKnownFileType = file.xib; name = en; path = en.lproj/ViewController.xib; sourceTree = "<group>"; };
		FAF55F5316CC828A00AA6BE6 /* QuartzCore.framework */ = {isa = PBXFileReference; lastKnownFileType = wrapper.framework; name = QuartzCore.framework; path = System/Library/Frameworks/QuartzCore.framework; sourceTree = SDKROOT; };
		FAF5603216CC885D00AA6BE6 /* STPCheckoutController.h */ = {isa = PBXFileReference; fileEncoding = 4; lastKnownFileType = sourcecode.c.h; path = STPCheckoutController.h; sourceTree = "<group>"; };
		FAF5603316CC885D00AA6BE6 /* STPCheckoutController.m */ = {isa = PBXFileReference; fileEncoding = 4; lastKnownFileType = sourcecode.c.objc; path = STPCheckoutController.m; sourceTree = "<group>"; };
		FAF5603616CC885D00AA6BE6 /* MBProgressHUD.h */ = {isa = PBXFileReference; fileEncoding = 4; lastKnownFileType = sourcecode.c.h; path = MBProgressHUD.h; sourceTree = "<group>"; };
		FAF5603716CC885D00AA6BE6 /* MBProgressHUD.m */ = {isa = PBXFileReference; fileEncoding = 4; lastKnownFileType = sourcecode.c.objc; path = MBProgressHUD.m; sourceTree = "<group>"; };
		FAF5606116CC885D00AA6BE6 /* STPCard.h */ = {isa = PBXFileReference; fileEncoding = 4; lastKnownFileType = sourcecode.c.h; path = STPCard.h; sourceTree = "<group>"; };
		FAF5606216CC885D00AA6BE6 /* STPCard.m */ = {isa = PBXFileReference; fileEncoding = 4; lastKnownFileType = sourcecode.c.objc; path = STPCard.m; sourceTree = "<group>"; };
		FAF5606316CC885D00AA6BE6 /* STPToken.h */ = {isa = PBXFileReference; fileEncoding = 4; lastKnownFileType = sourcecode.c.h; path = STPToken.h; sourceTree = "<group>"; };
		FAF5606416CC885D00AA6BE6 /* STPToken.m */ = {isa = PBXFileReference; fileEncoding = 4; lastKnownFileType = sourcecode.c.objc; path = STPToken.m; sourceTree = "<group>"; };
		FAF5606516CC885D00AA6BE6 /* Stripe-Prefix.pch */ = {isa = PBXFileReference; fileEncoding = 4; lastKnownFileType = sourcecode.c.h; path = "Stripe-Prefix.pch"; sourceTree = "<group>"; };
		FAF5606616CC885D00AA6BE6 /* Stripe.h */ = {isa = PBXFileReference; fileEncoding = 4; lastKnownFileType = sourcecode.c.h; path = Stripe.h; sourceTree = "<group>"; };
		FAF5606716CC885D00AA6BE6 /* Stripe.m */ = {isa = PBXFileReference; fileEncoding = 4; lastKnownFileType = sourcecode.c.objc; path = Stripe.m; sourceTree = "<group>"; };
		FAF5606816CC885D00AA6BE6 /* StripeError.h */ = {isa = PBXFileReference; fileEncoding = 4; lastKnownFileType = sourcecode.c.h; path = StripeError.h; sourceTree = "<group>"; };
		FAF5606916CC885D00AA6BE6 /* StripeError.m */ = {isa = PBXFileReference; fileEncoding = 4; lastKnownFileType = sourcecode.c.objc; path = StripeError.m; sourceTree = "<group>"; };
/* End PBXFileReference section */

/* Begin PBXFrameworksBuildPhase section */
		FAF55CEC16CC7B6400AA6BE6 /* Frameworks */ = {
			isa = PBXFrameworksBuildPhase;
			buildActionMask = 2147483647;
			files = (
				FAF55F5416CC828A00AA6BE6 /* QuartzCore.framework in Frameworks */,
				FAF55CF316CC7B6400AA6BE6 /* UIKit.framework in Frameworks */,
				FAF55CF516CC7B6400AA6BE6 /* Foundation.framework in Frameworks */,
				FAF55CF716CC7B6400AA6BE6 /* CoreGraphics.framework in Frameworks */,
			);
			runOnlyForDeploymentPostprocessing = 0;
		};
/* End PBXFrameworksBuildPhase section */

/* Begin PBXGroup section */
		FADDF3BD16D3FC8B003BA76F /* PaymentKit */ = {
			isa = PBXGroup;
			children = (
				FADDF3BE16D3FC8B003BA76F /* PKAddressZip.h */,
				FADDF3BF16D3FC8B003BA76F /* PKAddressZip.m */,
				FADDF3C016D3FC8B003BA76F /* PKCard.h */,
				FADDF3C116D3FC8B003BA76F /* PKCard.m */,
				FADDF3C216D3FC8B003BA76F /* PKCardCVC.h */,
				FADDF3C316D3FC8B003BA76F /* PKCardCVC.m */,
				FADDF3C416D3FC8B003BA76F /* PKCardCVCDelegate.h */,
				FADDF3C516D3FC8B003BA76F /* PKCardCVCDelegate.m */,
				FADDF3C616D3FC8B003BA76F /* PKCardExpiry.h */,
				FADDF3C716D3FC8B003BA76F /* PKCardExpiry.m */,
				FADDF3C816D3FC8B003BA76F /* PKCardExpiryDelegate.h */,
				FADDF3C916D3FC8B003BA76F /* PKCardExpiryDelegate.m */,
				FADDF3CA16D3FC8B003BA76F /* PKCardNumber.h */,
				FADDF3CB16D3FC8B003BA76F /* PKCardNumber.m */,
				FADDF3CC16D3FC8B003BA76F /* PKCardNumberDelegate.h */,
				FADDF3CD16D3FC8B003BA76F /* PKCardNumberDelegate.m */,
				FADDF3CE16D3FC8B003BA76F /* PKCardType.h */,
				FADDF3CF16D3FC8B003BA76F /* PKUSAddressZip.h */,
				FADDF3D016D3FC8B003BA76F /* PKUSAddressZip.m */,
				FADDF3D116D3FC8B003BA76F /* PKView.h */,
				FADDF3D216D3FC8B003BA76F /* PKView.m */,
				FADDF3D316D3FC8B003BA76F /* Resources */,
			);
			path = PaymentKit;
			sourceTree = "<group>";
		};
		FADDF3D316D3FC8B003BA76F /* Resources */ = {
			isa = PBXGroup;
			children = (
				FADDF3D416D3FC8B003BA76F /* Cards */,
			);
			path = Resources;
			sourceTree = "<group>";
		};
		FADDF3D416D3FC8B003BA76F /* Cards */ = {
			isa = PBXGroup;
			children = (
				FADDF3D516D3FC8B003BA76F /* amex.png */,
				FADDF3D616D3FC8B003BA76F /* amex@2x.png */,
				FADDF3D716D3FC8B003BA76F /* cvc-amex.png */,
				FADDF3D816D3FC8B003BA76F /* cvc-amex@2x.png */,
				FADDF3D916D3FC8B003BA76F /* cvc.png */,
				FADDF3DA16D3FC8B003BA76F /* cvc@2x.png */,
				FADDF3DB16D3FC8B003BA76F /* diners.png */,
				FADDF3DC16D3FC8B003BA76F /* diners@2x.png */,
				FADDF3DD16D3FC8B003BA76F /* discover.png */,
				FADDF3DE16D3FC8B003BA76F /* discover@2x.png */,
				FADDF3DF16D3FC8B003BA76F /* jcb.png */,
				FADDF3E016D3FC8B003BA76F /* jcb@2x.png */,
				FADDF3E116D3FC8B003BA76F /* mastercard.png */,
				FADDF3E216D3FC8B003BA76F /* mastercard@2x.png */,
				FADDF3E316D3FC8B003BA76F /* placeholder.png */,
				FADDF3E416D3FC8B003BA76F /* placeholder@2x.png */,
				FADDF3E516D3FC8B003BA76F /* visa.png */,
				FADDF3E616D3FC8B003BA76F /* visa@2x.png */,
			);
			path = Cards;
			sourceTree = "<group>";
		};
		FAF55CE616CC7B6400AA6BE6 = {
			isa = PBXGroup;
			children = (
				FAF5603116CC885D00AA6BE6 /* Checkout */,
				FAF55CF816CC7B6400AA6BE6 /* Checkout Example */,
				FAF55CF116CC7B6400AA6BE6 /* Frameworks */,
				FAF55CF016CC7B6400AA6BE6 /* Products */,
			);
			sourceTree = "<group>";
		};
		FAF55CF016CC7B6400AA6BE6 /* Products */ = {
			isa = PBXGroup;
			children = (
				FAF55CEF16CC7B6400AA6BE6 /* Checkout Example.app */,
			);
			name = Products;
			sourceTree = "<group>";
		};
		FAF55CF116CC7B6400AA6BE6 /* Frameworks */ = {
			isa = PBXGroup;
			children = (
				FAF55F5316CC828A00AA6BE6 /* QuartzCore.framework */,
				FAF55CF216CC7B6400AA6BE6 /* UIKit.framework */,
				FAF55CF416CC7B6400AA6BE6 /* Foundation.framework */,
				FAF55CF616CC7B6400AA6BE6 /* CoreGraphics.framework */,
			);
			name = Frameworks;
			sourceTree = "<group>";
		};
		FAF55CF816CC7B6400AA6BE6 /* Checkout Example */ = {
			isa = PBXGroup;
			children = (
				FAF55D0116CC7B6400AA6BE6 /* AppDelegate.h */,
				FAF55D0216CC7B6400AA6BE6 /* AppDelegate.m */,
				FAF55D0A16CC7B6400AA6BE6 /* ViewController.h */,
				FAF55D0B16CC7B6400AA6BE6 /* ViewController.m */,
				FAF55D1016CC7B6400AA6BE6 /* ViewController.xib */,
				FAF55CF916CC7B6400AA6BE6 /* Supporting Files */,
				FAF28CB816CDAA270098EF9D /* PaymentViewController.h */,
				FAF28CB916CDAA270098EF9D /* PaymentViewController.m */,
				FAF28CBA16CDAA270098EF9D /* PaymentViewController.xib */,
				FAF28CBD16CDAD540098EF9D /* SettingsViewController.h */,
				FAF28CBE16CDAD540098EF9D /* SettingsViewController.m */,
				FAF28CBF16CDAD540098EF9D /* SettingsViewController.xib */,
			);
			path = "Checkout Example";
			sourceTree = "<group>";
		};
		FAF55CF916CC7B6400AA6BE6 /* Supporting Files */ = {
			isa = PBXGroup;
			children = (
				FAF55CFA16CC7B6400AA6BE6 /* Checkout Example-Info.plist */,
				FAF55CFB16CC7B6400AA6BE6 /* InfoPlist.strings */,
				FAF55CFE16CC7B6400AA6BE6 /* main.m */,
				FAF55D0016CC7B6400AA6BE6 /* Checkout Example-Prefix.pch */,
				FAF55D0416CC7B6400AA6BE6 /* Default.png */,
				FAF55D0616CC7B6400AA6BE6 /* Default@2x.png */,
				FAF55D0816CC7B6400AA6BE6 /* Default-568h@2x.png */,
			);
			name = "Supporting Files";
			sourceTree = "<group>";
		};
		FAF5603116CC885D00AA6BE6 /* Checkout */ = {
			isa = PBXGroup;
			children = (
				FAF5603216CC885D00AA6BE6 /* STPCheckoutController.h */,
				FAF5603316CC885D00AA6BE6 /* STPCheckoutController.m */,
				FAF5603416CC885D00AA6BE6 /* Vendor */,
				FAF28CB516CDA31A0098EF9D /* STPCheckoutView.h */,
				FAF28CB616CDA31A0098EF9D /* STPCheckoutView.m */,
			);
			name = Checkout;
			path = ../Checkout;
			sourceTree = "<group>";
		};
		FAF5603416CC885D00AA6BE6 /* Vendor */ = {
			isa = PBXGroup;
			children = (
				FADDF3BD16D3FC8B003BA76F /* PaymentKit */,
				FAF5603516CC885D00AA6BE6 /* MBProgressHUD */,
				FAF5606016CC885D00AA6BE6 /* Stripe */,
			);
			path = Vendor;
			sourceTree = "<group>";
		};
		FAF5603516CC885D00AA6BE6 /* MBProgressHUD */ = {
			isa = PBXGroup;
			children = (
				FAF5603616CC885D00AA6BE6 /* MBProgressHUD.h */,
				FAF5603716CC885D00AA6BE6 /* MBProgressHUD.m */,
			);
			path = MBProgressHUD;
			sourceTree = "<group>";
		};
		FAF5606016CC885D00AA6BE6 /* Stripe */ = {
			isa = PBXGroup;
			children = (
				FAF5606116CC885D00AA6BE6 /* STPCard.h */,
				FAF5606216CC885D00AA6BE6 /* STPCard.m */,
				FAF5606316CC885D00AA6BE6 /* STPToken.h */,
				FAF5606416CC885D00AA6BE6 /* STPToken.m */,
				FAF5606516CC885D00AA6BE6 /* Stripe-Prefix.pch */,
				FAF5606616CC885D00AA6BE6 /* Stripe.h */,
				FAF5606716CC885D00AA6BE6 /* Stripe.m */,
				FAF5606816CC885D00AA6BE6 /* StripeError.h */,
				FAF5606916CC885D00AA6BE6 /* StripeError.m */,
			);
			path = Stripe;
			sourceTree = "<group>";
		};
/* End PBXGroup section */

/* Begin PBXNativeTarget section */
		FAF55CEE16CC7B6400AA6BE6 /* Checkout Example */ = {
			isa = PBXNativeTarget;
			buildConfigurationList = FAF55D1816CC7B6400AA6BE6 /* Build configuration list for PBXNativeTarget "Checkout Example" */;
			buildPhases = (
				FAF55CEB16CC7B6400AA6BE6 /* Sources */,
				FAF55CEC16CC7B6400AA6BE6 /* Frameworks */,
				FAF55CED16CC7B6400AA6BE6 /* Resources */,
			);
			buildRules = (
			);
			dependencies = (
			);
			name = "Checkout Example";
			productName = "Checkout Example";
			productReference = FAF55CEF16CC7B6400AA6BE6 /* Checkout Example.app */;
			productType = "com.apple.product-type.application";
		};
/* End PBXNativeTarget section */

/* Begin PBXProject section */
		FAF55CE716CC7B6400AA6BE6 /* Project object */ = {
			isa = PBXProject;
			attributes = {
				LastUpgradeCheck = 0460;
				ORGANIZATIONNAME = Stripe;
			};
			buildConfigurationList = FAF55CEA16CC7B6400AA6BE6 /* Build configuration list for PBXProject "Checkout Example" */;
			compatibilityVersion = "Xcode 3.2";
			developmentRegion = English;
			hasScannedForEncodings = 0;
			knownRegions = (
				en,
			);
			mainGroup = FAF55CE616CC7B6400AA6BE6;
			productRefGroup = FAF55CF016CC7B6400AA6BE6 /* Products */;
			projectDirPath = "";
			projectRoot = "";
			targets = (
				FAF55CEE16CC7B6400AA6BE6 /* Checkout Example */,
			);
		};
/* End PBXProject section */

/* Begin PBXResourcesBuildPhase section */
		FAF55CED16CC7B6400AA6BE6 /* Resources */ = {
			isa = PBXResourcesBuildPhase;
			buildActionMask = 2147483647;
			files = (
				FAF55CFD16CC7B6400AA6BE6 /* InfoPlist.strings in Resources */,
				FAF55D0516CC7B6400AA6BE6 /* Default.png in Resources */,
				FAF55D0716CC7B6400AA6BE6 /* Default@2x.png in Resources */,
				FAF55D0916CC7B6400AA6BE6 /* Default-568h@2x.png in Resources */,
				FAF55D1216CC7B6400AA6BE6 /* ViewController.xib in Resources */,
				FAF28CBC16CDAA270098EF9D /* PaymentViewController.xib in Resources */,
				FAF28CC116CDAD540098EF9D /* SettingsViewController.xib in Resources */,
				FADDF3F116D3FC8B003BA76F /* amex.png in Resources */,
				FADDF3F216D3FC8B003BA76F /* amex@2x.png in Resources */,
				FADDF3F316D3FC8B003BA76F /* cvc-amex.png in Resources */,
				FADDF3F416D3FC8B003BA76F /* cvc-amex@2x.png in Resources */,
				FADDF3F516D3FC8B003BA76F /* cvc.png in Resources */,
				FADDF3F616D3FC8B003BA76F /* cvc@2x.png in Resources */,
				FADDF3F716D3FC8B003BA76F /* diners.png in Resources */,
				FADDF3F816D3FC8B003BA76F /* diners@2x.png in Resources */,
				FADDF3F916D3FC8B003BA76F /* discover.png in Resources */,
				FADDF3FA16D3FC8B003BA76F /* discover@2x.png in Resources */,
				FADDF3FB16D3FC8B003BA76F /* jcb.png in Resources */,
				FADDF3FC16D3FC8B003BA76F /* jcb@2x.png in Resources */,
				FADDF3FD16D3FC8B003BA76F /* mastercard.png in Resources */,
				FADDF3FE16D3FC8B003BA76F /* mastercard@2x.png in Resources */,
				FADDF3FF16D3FC8B003BA76F /* placeholder.png in Resources */,
				FADDF40016D3FC8B003BA76F /* placeholder@2x.png in Resources */,
				FADDF40116D3FC8B003BA76F /* visa.png in Resources */,
				FADDF40216D3FC8B003BA76F /* visa@2x.png in Resources */,
			);
			runOnlyForDeploymentPostprocessing = 0;
		};
/* End PBXResourcesBuildPhase section */

/* Begin PBXSourcesBuildPhase section */
		FAF55CEB16CC7B6400AA6BE6 /* Sources */ = {
			isa = PBXSourcesBuildPhase;
			buildActionMask = 2147483647;
			files = (
				FAF55CFF16CC7B6400AA6BE6 /* main.m in Sources */,
				FAF55D0316CC7B6400AA6BE6 /* AppDelegate.m in Sources */,
				FAF55D0C16CC7B6400AA6BE6 /* ViewController.m in Sources */,
				FAF5606A16CC885D00AA6BE6 /* STPCheckoutController.m in Sources */,
				FAF5606B16CC885D00AA6BE6 /* MBProgressHUD.m in Sources */,
				FAF5608716CC885D00AA6BE6 /* STPCard.m in Sources */,
				FAF5608816CC885D00AA6BE6 /* STPToken.m in Sources */,
				FAF5608916CC885D00AA6BE6 /* Stripe.m in Sources */,
				FAF5608A16CC885D00AA6BE6 /* StripeError.m in Sources */,
				FAF28CB716CDA31A0098EF9D /* STPCheckoutView.m in Sources */,
				FAF28CBB16CDAA270098EF9D /* PaymentViewController.m in Sources */,
				FAF28CC016CDAD540098EF9D /* SettingsViewController.m in Sources */,
				FADDF3E716D3FC8B003BA76F /* PKAddressZip.m in Sources */,
				FADDF3E816D3FC8B003BA76F /* PKCard.m in Sources */,
				FADDF3E916D3FC8B003BA76F /* PKCardCVC.m in Sources */,
				FADDF3EA16D3FC8B003BA76F /* PKCardCVCDelegate.m in Sources */,
				FADDF3EB16D3FC8B003BA76F /* PKCardExpiry.m in Sources */,
				FADDF3EC16D3FC8B003BA76F /* PKCardExpiryDelegate.m in Sources */,
				FADDF3ED16D3FC8B003BA76F /* PKCardNumber.m in Sources */,
				FADDF3EE16D3FC8B003BA76F /* PKCardNumberDelegate.m in Sources */,
				FADDF3EF16D3FC8B003BA76F /* PKUSAddressZip.m in Sources */,
				FADDF3F016D3FC8B003BA76F /* PKView.m in Sources */,
			);
			runOnlyForDeploymentPostprocessing = 0;
		};
/* End PBXSourcesBuildPhase section */

/* Begin PBXVariantGroup section */
		FAF55CFB16CC7B6400AA6BE6 /* InfoPlist.strings */ = {
			isa = PBXVariantGroup;
			children = (
				FAF55CFC16CC7B6400AA6BE6 /* en */,
			);
			name = InfoPlist.strings;
			sourceTree = "<group>";
		};
		FAF55D1016CC7B6400AA6BE6 /* ViewController.xib */ = {
			isa = PBXVariantGroup;
			children = (
				FAF55D1116CC7B6400AA6BE6 /* en */,
			);
			name = ViewController.xib;
			sourceTree = "<group>";
		};
/* End PBXVariantGroup section */

/* Begin XCBuildConfiguration section */
		FAF55D1616CC7B6400AA6BE6 /* Debug */ = {
			isa = XCBuildConfiguration;
			buildSettings = {
				ALWAYS_SEARCH_USER_PATHS = NO;
				CLANG_CXX_LANGUAGE_STANDARD = "gnu++0x";
				CLANG_CXX_LIBRARY = "libc++";
				CLANG_ENABLE_OBJC_ARC = YES;
				CLANG_WARN_CONSTANT_CONVERSION = YES;
				CLANG_WARN_EMPTY_BODY = YES;
				CLANG_WARN_ENUM_CONVERSION = YES;
				CLANG_WARN_INT_CONVERSION = YES;
				CLANG_WARN__DUPLICATE_METHOD_MATCH = YES;
				"CODE_SIGN_IDENTITY[sdk=iphoneos*]" = "iPhone Developer";
				COPY_PHASE_STRIP = NO;
				GCC_C_LANGUAGE_STANDARD = gnu99;
				GCC_DYNAMIC_NO_PIC = NO;
				GCC_OPTIMIZATION_LEVEL = 0;
				GCC_PREPROCESSOR_DEFINITIONS = (
					"DEBUG=1",
					"$(inherited)",
				);
				GCC_SYMBOLS_PRIVATE_EXTERN = NO;
				GCC_WARN_ABOUT_RETURN_TYPE = YES;
				GCC_WARN_UNINITIALIZED_AUTOS = YES;
				GCC_WARN_UNUSED_VARIABLE = YES;
				IPHONEOS_DEPLOYMENT_TARGET = 6.1;
				ONLY_ACTIVE_ARCH = YES;
				SDKROOT = iphoneos;
			};
			name = Debug;
		};
		FAF55D1716CC7B6400AA6BE6 /* Release */ = {
			isa = XCBuildConfiguration;
			buildSettings = {
				ALWAYS_SEARCH_USER_PATHS = NO;
				CLANG_CXX_LANGUAGE_STANDARD = "gnu++0x";
				CLANG_CXX_LIBRARY = "libc++";
				CLANG_ENABLE_OBJC_ARC = YES;
				CLANG_WARN_CONSTANT_CONVERSION = YES;
				CLANG_WARN_EMPTY_BODY = YES;
				CLANG_WARN_ENUM_CONVERSION = YES;
				CLANG_WARN_INT_CONVERSION = YES;
				CLANG_WARN__DUPLICATE_METHOD_MATCH = YES;
				"CODE_SIGN_IDENTITY[sdk=iphoneos*]" = "iPhone Developer";
				COPY_PHASE_STRIP = YES;
				GCC_C_LANGUAGE_STANDARD = gnu99;
				GCC_WARN_ABOUT_RETURN_TYPE = YES;
				GCC_WARN_UNINITIALIZED_AUTOS = YES;
				GCC_WARN_UNUSED_VARIABLE = YES;
				IPHONEOS_DEPLOYMENT_TARGET = 6.1;
				OTHER_CFLAGS = "-DNS_BLOCK_ASSERTIONS=1";
				SDKROOT = iphoneos;
				VALIDATE_PRODUCT = YES;
			};
			name = Release;
		};
		FAF55D1916CC7B6400AA6BE6 /* Debug */ = {
			isa = XCBuildConfiguration;
			buildSettings = {
				GCC_PRECOMPILE_PREFIX_HEADER = YES;
				GCC_PREFIX_HEADER = "Checkout Example/Checkout Example-Prefix.pch";
				INFOPLIST_FILE = "Checkout Example/Checkout Example-Info.plist";
				PRODUCT_NAME = "$(TARGET_NAME)";
				WRAPPER_EXTENSION = app;
			};
			name = Debug;
		};
		FAF55D1A16CC7B6400AA6BE6 /* Release */ = {
			isa = XCBuildConfiguration;
			buildSettings = {
				GCC_PRECOMPILE_PREFIX_HEADER = YES;
				GCC_PREFIX_HEADER = "Checkout Example/Checkout Example-Prefix.pch";
				INFOPLIST_FILE = "Checkout Example/Checkout Example-Info.plist";
				PRODUCT_NAME = "$(TARGET_NAME)";
				WRAPPER_EXTENSION = app;
			};
			name = Release;
		};
/* End XCBuildConfiguration section */

/* Begin XCConfigurationList section */
		FAF55CEA16CC7B6400AA6BE6 /* Build configuration list for PBXProject "Checkout Example" */ = {
			isa = XCConfigurationList;
			buildConfigurations = (
				FAF55D1616CC7B6400AA6BE6 /* Debug */,
				FAF55D1716CC7B6400AA6BE6 /* Release */,
			);
			defaultConfigurationIsVisible = 0;
			defaultConfigurationName = Release;
		};
		FAF55D1816CC7B6400AA6BE6 /* Build configuration list for PBXNativeTarget "Checkout Example" */ = {
			isa = XCConfigurationList;
			buildConfigurations = (
				FAF55D1916CC7B6400AA6BE6 /* Debug */,
				FAF55D1A16CC7B6400AA6BE6 /* Release */,
			);
			defaultConfigurationIsVisible = 0;
			defaultConfigurationName = Release;
		};
/* End XCConfigurationList section */
	};
	rootObject = FAF55CE716CC7B6400AA6BE6 /* Project object */;
}
